
Microsoft Visual Studio Solution File, Format Version 12.00
# Visual Studio Version 17
VisualStudioVersion = 17.5.2.0
MinimumVisualStudioVersion = 10.0.40219.1
Project("{FAE04EC0-301F-11D3-BF4B-00C04F79EFBC}") = "RepoTool", "RepoTool\RepoTool.csproj", "{6C9AA86D-D189-45B3-B8F5-858A54F418AB}"
EndProject
Project("{FAE04EC0-301F-11D3-BF4B-00C04F79EFBC}") = "Common", "Common\Common.csproj", "{EFF6741B-B0FD-4034-8A6E-62F8608C908D}"
EndProject
Global
	GlobalSection(SolutionConfigurationPlatforms) = preSolution
		Debug|Any CPU = Debug|Any CPU
		Release|Any CPU = Release|Any CPU
	EndGlobalSection
	GlobalSection(ProjectConfigurationPlatforms) = postSolution
		{6C9AA86D-D189-45B3-B8F5-858A54F418AB}.Debug|Any CPU.ActiveCfg = Debug|Any CPU
		{6C9AA86D-D189-45B3-B8F5-858A54F418AB}.Debug|Any CPU.Build.0 = Debug|Any CPU
		{6C9AA86D-D189-45B3-B8F5-858A54F418AB}.Release|Any CPU.ActiveCfg = Release|Any CPU
		{6C9AA86D-D189-45B3-B8F5-858A54F418AB}.Release|Any CPU.Build.0 = Release|Any CPU
		{EFF6741B-B0FD-4034-8A6E-62F8608C908D}.Debug|Any CPU.ActiveCfg = Debug|Any CPU
		{EFF6741B-B0FD-4034-8A6E-62F8608C908D}.Debug|Any CPU.Build.0 = Debug|Any CPU
		{EFF6741B-B0FD-4034-8A6E-62F8608C908D}.Release|Any CPU.ActiveCfg = Release|Any CPU
		{EFF6741B-B0FD-4034-8A6E-62F8608C908D}.Release|Any CPU.Build.0 = Release|Any CPU
	EndGlobalSection
	GlobalSection(SolutionProperties) = preSolution
		HideSolutionNode = FALSE
	EndGlobalSection
	GlobalSection(ExtensibilityGlobals) = postSolution
		SolutionGuid = {38CC6E7D-E2C4-43D9-8042-A3514980F305}
	EndGlobalSection
EndGlobal
